<Solution>
  <Project Path="HomeAssistantX/HomeAssistantX.csproj" />
  <Project Path="HomeAssistantX.PowerShell/HomeAssistantX.PowerShell.csproj" />
  <Project Path="HomeAssistantX.Examples/HomeAssistantX.Examples.csproj" />
  <Project Path="HomeAssistantX.LiveTests/HomeAssistantX.LiveTests.csproj" />
  <Project Path="HomeAssistantX.Tests/HomeAssistantX.Tests.csproj" />
  <Project Path="HomeAssistantX.TestServer/HomeAssistantX.TestServer.csproj" />
</Solution>
